
Microsoft Visual Studio Solution File, Format Version 12.00
Project("{FAE04EC0-301F-11D3-BF4B-00C04F79EFBC}") = "APBD_Task2", "APBD_Task2.csproj", "{0CBF05DA-EE04-478F-8C5E-C8B03AF604DF}"
EndProject
Global
	GlobalSection(SolutionConfigurationPlatforms) = preSolution
		Debug|Any CPU = Debug|Any CPU
		Release|Any CPU = Release|Any CPU
	EndGlobalSection
	GlobalSection(ProjectConfigurationPlatforms) = postSolution
		{0CBF05DA-EE04-478F-8C5E-C8B03AF604DF}.Debug|Any CPU.ActiveCfg = Debug|Any CPU
		{0CBF05DA-EE04-478F-8C5E-C8B03AF604DF}.Debug|Any CPU.Build.0 = Debug|Any CPU
		{0CBF05DA-EE04-478F-8C5E-C8B03AF604DF}.Release|Any CPU.ActiveCfg = Release|Any CPU
		{0CBF05DA-EE04-478F-8C5E-C8B03AF604DF}.Release|Any CPU.Build.0 = Release|Any CPU
	EndGlobalSection
EndGlobal
